
Microsoft Visual Studio Solution File, Format Version 12.00
# Visual Studio Version 16
VisualStudioVersion = 16.0.32802.440
MinimumVisualStudioVersion = 10.0.40219.1
Project("{FAE04EC0-301F-11D3-BF4B-00C04F79EFBC}") = "task_1", "task_1\task_1.csproj", "{9CA5CF42-F291-462F-8001-9FD6A0C598B7}"
EndProject
Project("{FAE04EC0-301F-11D3-BF4B-00C04F79EFBC}") = "task_2", "task_2\task_2.csproj", "{02A70A61-175C-466A-A42F-9333B354C45C}"
EndProject
Project("{FAE04EC0-301F-11D3-BF4B-00C04F79EFBC}") = "task_3", "task_3\task_3.csproj", "{77ED3D44-C037-4843-8ED5-8555CCB9FA42}"
EndProject
Global
	GlobalSection(SolutionConfigurationPlatforms) = preSolution
		Debug|Any CPU = Debug|Any CPU
		Release|Any CPU = Release|Any CPU
	EndGlobalSection
	GlobalSection(ProjectConfigurationPlatforms) = postSolution
		{9CA5CF42-F291-462F-8001-9FD6A0C598B7}.Debug|Any CPU.ActiveCfg = Debug|Any CPU
		{9CA5CF42-F291-462F-8001-9FD6A0C598B7}.Debug|Any CPU.Build.0 = Debug|Any CPU
		{9CA5CF42-F291-462F-8001-9FD6A0C598B7}.Release|Any CPU.ActiveCfg = Release|Any CPU
		{9CA5CF42-F291-462F-8001-9FD6A0C598B7}.Release|Any CPU.Build.0 = Release|Any CPU
		{02A70A61-175C-466A-A42F-9333B354C45C}.Debug|Any CPU.ActiveCfg = Debug|Any CPU
		{02A70A61-175C-466A-A42F-9333B354C45C}.Debug|Any CPU.Build.0 = Debug|Any CPU
		{02A70A61-175C-466A-A42F-9333B354C45C}.Release|Any CPU.ActiveCfg = Release|Any CPU
		{02A70A61-175C-466A-A42F-9333B354C45C}.Release|Any CPU.Build.0 = Release|Any CPU
		{77ED3D44-C037-4843-8ED5-8555CCB9FA42}.Debug|Any CPU.ActiveCfg = Debug|Any CPU
		{77ED3D44-C037-4843-8ED5-8555CCB9FA42}.Debug|Any CPU.Build.0 = Debug|Any CPU
		{77ED3D44-C037-4843-8ED5-8555CCB9FA42}.Release|Any CPU.ActiveCfg = Release|Any CPU
		{77ED3D44-C037-4843-8ED5-8555CCB9FA42}.Release|Any CPU.Build.0 = Release|Any CPU
	EndGlobalSection
	GlobalSection(SolutionProperties) = preSolution
		HideSolutionNode = FALSE
	EndGlobalSection
	GlobalSection(ExtensibilityGlobals) = postSolution
		SolutionGuid = {498167F6-9008-41CA-BA02-18619A2805AC}
	EndGlobalSection
EndGlobal
